
Microsoft Visual Studio Solution File, Format Version 12.00
# Visual Studio 14
VisualStudioVersion = 14.0.23107.0
MinimumVisualStudioVersion = 10.0.40219.1
Project("{FAE04EC0-301F-11D3-BF4B-00C04F79EFBC}") = "TD4_Annee2", "TD4_Annee2\TD4_Annee2.csproj", "{2861A34B-BB96-4202-BBE7-DD24DC61312F}"
EndProject
Global
	GlobalSection(SolutionConfigurationPlatforms) = preSolution
		Debug|Any CPU = Debug|Any CPU
		Release|Any CPU = Release|Any CPU
	EndGlobalSection
	GlobalSection(ProjectConfigurationPlatforms) = postSolution
		{2861A34B-BB96-4202-BBE7-DD24DC61312F}.Debug|Any CPU.ActiveCfg = Debug|Any CPU
		{2861A34B-BB96-4202-BBE7-DD24DC61312F}.Debug|Any CPU.Build.0 = Debug|Any CPU
		{2861A34B-BB96-4202-BBE7-DD24DC61312F}.Release|Any CPU.ActiveCfg = Release|Any CPU
		{2861A34B-BB96-4202-BBE7-DD24DC61312F}.Release|Any CPU.Build.0 = Release|Any CPU
	EndGlobalSection
	GlobalSection(SolutionProperties) = preSolution
		HideSolutionNode = FALSE
	EndGlobalSection
EndGlobal
