
Microsoft Visual Studio Solution File, Format Version 12.00
# Visual Studio 14
VisualStudioVersion = 14.0.23107.0
MinimumVisualStudioVersion = 10.0.40219.1
Project("{FAE04EC0-301F-11D3-BF4B-00C04F79EFBC}") = "TD 3 S2", "TD 3 S2\TD 3 S2.csproj", "{4AF6C21B-90BB-4C73-A42D-563206761AB4}"
EndProject
Global
	GlobalSection(SolutionConfigurationPlatforms) = preSolution
		Debug|Any CPU = Debug|Any CPU
		Release|Any CPU = Release|Any CPU
	EndGlobalSection
	GlobalSection(ProjectConfigurationPlatforms) = postSolution
		{4AF6C21B-90BB-4C73-A42D-563206761AB4}.Debug|Any CPU.ActiveCfg = Debug|Any CPU
		{4AF6C21B-90BB-4C73-A42D-563206761AB4}.Debug|Any CPU.Build.0 = Debug|Any CPU
		{4AF6C21B-90BB-4C73-A42D-563206761AB4}.Release|Any CPU.ActiveCfg = Release|Any CPU
		{4AF6C21B-90BB-4C73-A42D-563206761AB4}.Release|Any CPU.Build.0 = Release|Any CPU
	EndGlobalSection
	GlobalSection(SolutionProperties) = preSolution
		HideSolutionNode = FALSE
	EndGlobalSection
EndGlobal
