
Microsoft Visual Studio Solution File, Format Version 12.00
# Visual Studio 14
VisualStudioVersion = 14.0.23107.0
MinimumVisualStudioVersion = 10.0.40219.1
Project("{FAE04EC0-301F-11D3-BF4B-00C04F79EFBC}") = "TD 5 A2", "TD 5 A2\TD 5 A2.csproj", "{AEC457AB-2114-48CD-B590-C9E3FB9B42BA}"
EndProject
Global
	GlobalSection(SolutionConfigurationPlatforms) = preSolution
		Debug|Any CPU = Debug|Any CPU
		Release|Any CPU = Release|Any CPU
	EndGlobalSection
	GlobalSection(ProjectConfigurationPlatforms) = postSolution
		{AEC457AB-2114-48CD-B590-C9E3FB9B42BA}.Debug|Any CPU.ActiveCfg = Debug|Any CPU
		{AEC457AB-2114-48CD-B590-C9E3FB9B42BA}.Debug|Any CPU.Build.0 = Debug|Any CPU
		{AEC457AB-2114-48CD-B590-C9E3FB9B42BA}.Release|Any CPU.ActiveCfg = Release|Any CPU
		{AEC457AB-2114-48CD-B590-C9E3FB9B42BA}.Release|Any CPU.Build.0 = Release|Any CPU
	EndGlobalSection
	GlobalSection(SolutionProperties) = preSolution
		HideSolutionNode = FALSE
	EndGlobalSection
EndGlobal
